# THIS IS AN AUTOGENERATED FILE. DO NOT EDIT THIS FILE DIRECTLY.
# yarn lockfile v1


"@biomejs/biome@2.5.15":
  version "2.5.15"
  resolved "https://registry.npmjs.org/@biomejs/biome/-/biome-2.5.15.tgz"
  integrity sha512-WZTW4slm/pdkh92K6t/3aEN++44JD1PQ7squ7RCMLI1flHGl43DVOIGXvCjHiZgBMO1V4uYxoFNtqrIA4qGuIQ==
  optionalDependencies:
    "@biomejs/cli-darwin-arm64" "2.5.15"
    "@biomejs/cli-darwin-x64" "2.5.15"
    "@biomejs/cli-linux-arm64" "2.5.15"
    "@biomejs/cli-linux-arm64-musl" "2.5.15"
    "@biomejs/cli-linux-x64" "2.5.15"
    "@biomejs/cli-linux-x64-musl" "2.5.15"
    "@biomejs/cli-win32-arm64" "2.5.15"
    "@biomejs/cli-win32-x64" "2.5.15"

"@biomejs/cli-darwin-arm64@2.5.15":
  version "2.5.15"
  resolved "https://registry.npmjs.org/@biomejs/cli-darwin-arm64/-/cli-darwin-arm64-2.5.15.tgz"
  integrity sha512-BZVzFhJ/mUvTLMYbc9x6el0o2Uv5zP7bACYyhFb6fSc1giroXm7PL0a5KqMJ9F+/BnkYRjagD/ROSDVOZ6eapg==

"@bufbuild/protobuf@^2.5.0":
  version "2.11.0"
  resolved "https://registry.npmjs.org/@bufbuild/protobuf/-/protobuf-2.11.0.tgz"
  integrity sha512-sBXGT13cpmPR5BMgHE6UEEfEaShh5Ror6rfN3yEK5si7QVrtZg8LEPQb0VVhiLRUslD2yLnXtnRzG035J/mZXQ==

"@esbuild/darwin-arm64@0.28.2":
  version "0.28.2"
  resolved "https://registry.npmjs.org/@esbuild/darwin-arm64/-/darwin-arm64-0.28.2.tgz"
  integrity sha512-n4KqkOQrraxHJcgjM1RvwbigfQKIKJVpM7xp+KsxiyUSrRdIXnt73VhrPAx0fV44hgfmIVKjxMN9J1t5jySVkw==

"@parcel/watcher-darwin-arm64@2.5.6":
  version "2.5.6"
  resolved "https://registry.npmjs.org/@parcel/watcher-darwin-arm64/-/watcher-darwin-arm64-2.5.6.tgz"
  integrity sha512-Z2ZdrnwyXvvvdtRHLmM4knydIdU9adO3D4n/0cVipF3rRiwP+3/sfzpAwA/qKFL6i1ModaabkU7IbpeMBgiVEA==

"@parcel/watcher@^2.4.1":
  version "2.5.6"
  resolved "https://registry.npmjs.org/@parcel/watcher/-/watcher-2.5.6.tgz"
  integrity sha512-tmmZ3lQxAe/k/+rNnXQRawJ4NjxO2hqiOLTHvWchtGZULp4RyFeh6aU4XdOYBFe2KE1oShQTv4AblOs2iOrNnQ==
  dependencies:
    detect-libc "^2.0.3"
    is-glob "^4.0.3"
    node-addon-api "^7.0.0"
    picomatch "^4.0.3"
  optionalDependencies:
    "@parcel/watcher-android-arm64" "2.5.6"
    "@parcel/watcher-darwin-arm64" "2.5.6"
    "@parcel/watcher-darwin-x64" "2.5.6"
    "@parcel/watcher-freebsd-x64" "2.5.6"
    "@parcel/watcher-linux-arm-glibc" "2.5.6"
    "@parcel/watcher-linux-arm-musl" "2.5.6"
    "@parcel/watcher-linux-arm64-glibc" "2.5.6"
    "@parcel/watcher-linux-arm64-musl" "2.5.6"
    "@parcel/watcher-linux-x64-glibc" "2.5.6"
    "@parcel/watcher-linux-x64-musl" "2.5.6"
    "@parcel/watcher-win32-arm64" "2.5.6"
    "@parcel/watcher-win32-ia32" "2.5.6"
    "@parcel/watcher-win32-x64" "2.5.6"

"@preact/signals-core@^1.14.4":
  version "1.14.4"
  resolved "https://registry.npmjs.org/@preact/signals-core/-/signals-core-1.14.4.tgz"
  integrity sha512-HNB6HYeYKhQbJ1aKl+YRjrS4+QWHLKX6qKoUsfS/m0vqzsVaEBiZiaKbG/e+NKk2ch5ALQr/ihWaMHxiCuuWHA==

"@preact/signals@^2.11.3":
  version "2.11.3"
  resolved "https://registry.npmjs.org/@preact/signals/-/signals-2.11.3.tgz"
  integrity sha512-mttwFM98G/JiriTgMwU+UWygL6sfVmYEiNcPSKkUnv4PxPpZhmP2ugGC4qi360+ZIHyQ8NY05bfJT3b4RUIGlw==
  dependencies:
    "@preact/signals-core" "^1.14.4"

"@types/node@^26.6.4":
  version "26.6.4"
  resolved "https://registry.npmjs.org/@types/node/-/node-26.6.4.tgz"
  integrity sha512-ldVPDCzj7fsaGZrLB0NuHuTvJcsNasysBAqMolr/cgxrLd1xbqxIr3XJiPnHHJUCxj5sNF1vnRj9aWnrVh5Jcg==
  dependencies:
    undici-types "~8.9.0"

"@typescript/typescript-darwin-arm64@7.0.2":
  version "7.0.2"
  resolved "https://registry.npmjs.org/@typescript/typescript-darwin-arm64/-/typescript-darwin-arm64-7.0.2.tgz"
  integrity sha512-gowzar9MwS/aRWp6f3a4KUqzRjAZjOsmGNCM6LcTgXum+dBfgsBVMN+AgvOCCbguXyick6LJhpBszxMebJ8syA==

chokidar@^5.0.0:
  version "5.0.0"
  resolved "https://registry.npmjs.org/chokidar/-/chokidar-5.0.0.tgz"
  integrity sha512-TQMmc3w+5AxjpL8iIiwebF73dRDF4fBIieAqGn9RGCWaEVwQ6Fb2cGe31Yns0RRIzii5goJ1Y7xbMwo1TxMplw==
  dependencies:
    readdirp "^5.0.0"

colorjs.io@^0.5.0:
  version "0.5.2"
  resolved "https://registry.npmjs.org/colorjs.io/-/colorjs.io-0.5.2.tgz"
  integrity sha512-twmVoizEW7ylZSN32OgKdXRmo1qg+wT5/6C3xu5b9QsWzSFAhHLn2xd8ro0diCsKfCj1RdaTP/nrcW+vAoQPIw==

detect-libc@^2.0.3:
  version "2.1.2"
  resolved "https://registry.npmjs.org/detect-libc/-/detect-libc-2.1.2.tgz"
  integrity sha512-Btj2BOOO83o3WyH59e8MgXsxEQVcarkUOpEYrubB0urwnN10yQ364rsiByU11nZlqWYZm05i/of7io4mzihBtQ==

esbuild-sass-plugin@^3.7.0:
  version "3.7.0"
  resolved "https://registry.npmjs.org/esbuild-sass-plugin/-/esbuild-sass-plugin-3.7.0.tgz"
  integrity sha512-vxNSXFx3/0ZFApKo9036ek2iRfsT+yVO99qIYqa+JaDSuJuId2/N4s1TY+xfK+5LRpAMQkfdBVUTxb/1r2bq1A==
  dependencies:
    resolve "^1.22.11"
    sass "^1.97.3"

esbuild@^0.28.2, esbuild@>=0.27.3, esbuild@~0.28.0:
  version "0.28.2"
  resolved "https://registry.npmjs.org/esbuild/-/esbuild-0.28.2.tgz"
  integrity sha512-HKVLS8dvII+xoKW9kmqxbRKrnWEXfJJr/FZhhJmiqIB0e053QNYFqOBouTMO/k5sID4MvCiUCvv8b9M4h32wIA==
  optionalDependencies:
    "@esbuild/aix-ppc64" "0.28.2"
    "@esbuild/android-arm" "0.28.2"
    "@esbuild/android-arm64" "0.28.2"
    "@esbuild/android-x64" "0.28.2"
    "@esbuild/darwin-arm64" "0.28.2"
    "@esbuild/darwin-x64" "0.28.2"
    "@esbuild/freebsd-arm64" "0.28.2"
    "@esbuild/freebsd-x64" "0.28.2"
    "@esbuild/linux-arm" "0.28.2"
    "@esbuild/linux-arm64" "0.28.2"
    "@esbuild/linux-ia32" "0.28.2"
    "@esbuild/linux-loong64" "0.28.2"
    "@esbuild/linux-mips64el" "0.28.2"
    "@esbuild/linux-ppc64" "0.28.2"
    "@esbuild/linux-riscv64" "0.28.2"
    "@esbuild/linux-s390x" "0.28.2"
    "@esbuild/linux-x64" "0.28.2"
    "@esbuild/netbsd-arm64" "0.28.2"
    "@esbuild/netbsd-x64" "0.28.2"
    "@esbuild/openbsd-arm64" "0.28.2"
    "@esbuild/openbsd-x64" "0.28.2"
    "@esbuild/openharmony-arm64" "0.28.2"
    "@esbuild/sunos-x64" "0.28.2"
    "@esbuild/win32-arm64" "0.28.2"
    "@esbuild/win32-ia32" "0.28.2"
    "@esbuild/win32-x64" "0.28.2"

fsevents@~2.3.3:
  version "2.3.3"
  resolved "https://registry.npmjs.org/fsevents/-/fsevents-2.3.3.tgz"
  integrity sha512-5xoDfX+fL7faATnagmWPpbFtwh/R77WmMMqqHGS65C3vvB0YHrgF+B1YmZ3441tMj5n63k0212XNoJwzlhffQw==

function-bind@^1.1.2:
  version "1.1.2"
  resolved "https://registry.npmjs.org/function-bind/-/function-bind-1.1.2.tgz"
  integrity sha512-7XHNxH7qX9xG5mIwxkhumTox/MIRNcOgDrxWsMt2pAr23WHp6MrRlN7FBSFpCpr+oVO0F744iUgR82nJMfG2SA==

has-flag@^4.0.0:
  version "4.0.0"
  resolved "https://registry.npmjs.org/has-flag/-/has-flag-4.0.0.tgz"
  integrity sha512-EykJT/Q1KjTWctppgIAgfSO0tKVuZUjhgMr17kqTumMl6Afv3EISleU7qZUzoXDFTAHTDC4NOoG/ZxU3EvlMPQ==

hasown@^2.0.2:
  version "2.0.2"
  resolved "https://registry.npmjs.org/hasown/-/hasown-2.0.2.tgz"
  integrity sha512-0hJU9SCPvmMzIBdZFqNPXWa6dqh7WdH0cII9y+CyS8rG3nL48Bclra9HmKhVVUHyPWNH5Y7xDwAB7bfgSjkUMQ==
  dependencies:
    function-bind "^1.1.2"

immutable@^5.1.5:
  version "5.1.9"
  resolved "https://registry.npmjs.org/immutable/-/immutable-5.1.9.tgz"
  integrity sha512-m8nVez3rwrgmWxtLMt1ZYXB2Lv7OKYn/disyxAlSDYAlKSlFoPPfIAmAM/M5xqL4m4C/wAPw7S2/CNaUii1Hxg==

is-core-module@^2.16.1:
  version "2.16.1"
  resolved "https://registry.npmjs.org/is-core-module/-/is-core-module-2.16.1.tgz"
  integrity sha512-UfoeMA6fIJ8wTYFEUjelnaGI67v6+N7qXJEvQuIGa99l4xsCruSYOVSQ0uPANn4dAzm8lkYPaKLrrijLq7x23w==
  dependencies:
    hasown "^2.0.2"

is-extglob@^2.1.1:
  version "2.1.1"
  resolved "https://registry.npmjs.org/is-extglob/-/is-extglob-2.1.1.tgz"
  integrity sha512-SbKbANkN603Vi4jEZv49LeVJMn4yGwsbzZworEoyEiutsN3nJYdbO36zfhGJ6QEDpOZIFkDtnq5JRxmvl3jsoQ==

is-glob@^4.0.3:
  version "4.0.3"
  resolved "https://registry.npmjs.org/is-glob/-/is-glob-4.0.3.tgz"
  integrity sha512-xelSayHH36ZgE7ZWhli7pW34hNbNl8Ojv5KVmkJD4hBdD3th8Tfk9vYasLM+mXWOZhFkgZfxhLSnrwRr4elSSg==
  dependencies:
    is-extglob "^2.1.1"

node-addon-api@^7.0.0:
  version "7.1.1"
  resolved "https://registry.npmjs.org/node-addon-api/-/node-addon-api-7.1.1.tgz"
  integrity sha512-5m3bsyrjFWE1xf7nz7YXdN4udnVtXK6/Yfgn5qnahL6bCkf2yKt4k3nuTKAtT4r3IG8JNR2ncsIMdZuAzJjHQQ==

path-parse@^1.0.7:
  version "1.0.7"
  resolved "https://registry.npmjs.org/path-parse/-/path-parse-1.0.7.tgz"
  integrity sha512-LDJzPVEEEPR+y48z93A0Ed0yXb8pAByGWo/k5YYdYgpY2/2EsOsksJrq7lOHxryrVOn1ejG6oAp8ahvOIQD8sw==

picomatch@^4.0.3:
  version "4.0.4"
  resolved "https://registry.npmjs.org/picomatch/-/picomatch-4.0.4.tgz"
  integrity sha512-QP88BAKvMam/3NxH6vj2o21R6MjxZUAd6nlwAS/pnGvN9IVLocLHxGYIzFhg6fUQ+5th6P4dv4eW9jX3DSIj7A==

preact@^11.0.0, "preact@>= 10.25.0 || >=11.0.0-0":
  version "11.0.0"
  resolved "https://registry.npmjs.org/preact/-/preact-11.0.0.tgz"
  integrity sha512-LRTLKuSe6VYPhvBDjwFaX+nuZnpsw6IN2GSboisAvhGsncylBmrbDCERhgKDn6yP2mAwbGvsB5OVyTe33M8gBg==

readdirp@^5.0.0:
  version "5.1.1"
  resolved "https://registry.npmjs.org/readdirp/-/readdirp-5.1.1.tgz"
  integrity sha512-Kko+Y5XQ6fM+Ce3dq3m9YGxnacYZYl9cA1wZjaF3Vbry2L3i1qVg8+CAgNPsXRArPMUMCaOR7oa9Nqntc43JKA==

resolve@^1.22.11:
  version "1.22.11"
  resolved "https://registry.npmjs.org/resolve/-/resolve-1.22.11.tgz"
  integrity sha512-RfqAvLnMl313r7c9oclB1HhUEAezcpLjz95wFH4LVuhk9JF/r22qmVP9AMmOU4vMX7Q8pN8jwNg/CSpdFnMjTQ==
  dependencies:
    is-core-module "^2.16.1"
    path-parse "^1.0.7"
    supports-preserve-symlinks-flag "^1.0.0"

rxjs@^7.4.0:
  version "7.8.2"
  resolved "https://registry.npmjs.org/rxjs/-/rxjs-7.8.2.tgz"
  integrity sha512-dhKf903U/PQZY6boNNtAGdWbG85WAbjT/1xYoZIC7FAY0yWapOBQVsVrDl58W86//e1VpMNBtRV4MaXfdMySFA==
  dependencies:
    tslib "^2.1.0"

sass-embedded-darwin-arm64@1.98.0:
  version "1.98.0"
  resolved "https://registry.npmjs.org/sass-embedded-darwin-arm64/-/sass-embedded-darwin-arm64-1.98.0.tgz"
  integrity sha512-cgr1z9rBnCdMf8K+JabIaYd9Rag2OJi5mjq08XJfbJGMZV/TA6hFJCLGkr5/+ZOn4/geTM5/3aSfQ8z5EIJAOg==

sass-embedded@^1.97.3:
  version "1.98.0"
  resolved "https://registry.npmjs.org/sass-embedded/-/sass-embedded-1.98.0.tgz"
  integrity sha512-Do7u6iRb6K+lrllcTkB1BXcHwOxcKe3rEfOF/GcCLE2w3WpddakRAosJOHFUR37DpsvimQXEt5abs3NzUjEIqg==
  dependencies:
    "@bufbuild/protobuf" "^2.5.0"
    colorjs.io "^0.5.0"
    immutable "^5.1.5"
    rxjs "^7.4.0"
    supports-color "^8.1.1"
    sync-child-process "^1.0.2"
    varint "^6.0.0"
  optionalDependencies:
    sass-embedded-all-unknown "1.98.0"
    sass-embedded-android-arm "1.98.0"
    sass-embedded-android-arm64 "1.98.0"
    sass-embedded-android-riscv64 "1.98.0"
    sass-embedded-android-x64 "1.98.0"
    sass-embedded-darwin-arm64 "1.98.0"
    sass-embedded-darwin-x64 "1.98.0"
    sass-embedded-linux-arm "1.98.0"
    sass-embedded-linux-arm64 "1.98.0"
    sass-embedded-linux-musl-arm "1.98.0"
    sass-embedded-linux-musl-arm64 "1.98.0"
    sass-embedded-linux-musl-riscv64 "1.98.0"
    sass-embedded-linux-musl-x64 "1.98.0"
    sass-embedded-linux-riscv64 "1.98.0"
    sass-embedded-linux-x64 "1.98.0"
    sass-embedded-unknown-all "1.98.0"
    sass-embedded-win32-arm64 "1.98.0"
    sass-embedded-win32-x64 "1.98.0"

sass@^1.105.1, sass@^1.97.3:
  version "1.105.1"
  resolved "https://registry.npmjs.org/sass/-/sass-1.105.1.tgz"
  integrity sha512-1CnAWPyrrnVQzXGB/DUep1vYCKCm1CIBr+YxjjiW6wk9qtzemnGP4qicH56T2F9S4Hjtv/Ne3jDz8JqfdDU4oA==
  dependencies:
    chokidar "^5.0.0"
    immutable "^5.1.5"
    source-map-js ">=0.6.2 <2.0.0"
  optionalDependencies:
    "@parcel/watcher" "^2.4.1"

"source-map-js@>=0.6.2 <2.0.0":
  version "1.2.1"
  resolved "https://registry.npmjs.org/source-map-js/-/source-map-js-1.2.1.tgz"
  integrity sha512-UXWMKhLOwVKb728IUtQPXxfYU+usdybtUrK/8uGE8CQMvrhOpwvzDBwj0QhSL7MQc7vIsISBG8VQ8+IDQxpfQA==

supports-color@^8.1.1:
  version "8.1.1"
  resolved "https://registry.npmjs.org/supports-color/-/supports-color-8.1.1.tgz"
  integrity sha512-MpUEN2OodtUzxvKQl72cUF7RQ5EiHsGvSsVG0ia9c5RbWGL2CI4C7EpPS8UTBIplnlzZiNuV56w+FuNxy3ty2Q==
  dependencies:
    has-flag "^4.0.0"

supports-preserve-symlinks-flag@^1.0.0:
  version "1.0.0"
  resolved "https://registry.npmjs.org/supports-preserve-symlinks-flag/-/supports-preserve-symlinks-flag-1.0.0.tgz"
  integrity sha512-ot0WnXS9fgdkgIcePe6RHNk1WA8+muPa6cSjeR3V8K27q9BB1rTE3R1p7Hv0z1ZyAc8s6Vvv8DIyWf681MAt0w==

sync-child-process@^1.0.2:
  version "1.0.2"
  resolved "https://registry.npmjs.org/sync-child-process/-/sync-child-process-1.0.2.tgz"
  integrity sha512-8lD+t2KrrScJ/7KXCSyfhT3/hRq78rC0wBFqNJXv3mZyn6hW2ypM05JmlSvtqRbeq6jqA94oHbxAr2vYsJ8vDA==
  dependencies:
    sync-message-port "^1.0.0"

sync-message-port@^1.0.0:
  version "1.2.0"
  resolved "https://registry.npmjs.org/sync-message-port/-/sync-message-port-1.2.0.tgz"
  integrity sha512-gAQ9qrUN/UCypHtGFbbe7Rc/f9bzO88IwrG8TDo/aMKAApKyD6E3W4Cm0EfhfBb6Z6SKt59tTCTfD+n1xmAvMg==

tslib@^2.1.0:
  version "2.8.1"
  resolved "https://registry.npmjs.org/tslib/-/tslib-2.8.1.tgz"
  integrity sha512-oJFu94HQb+KVduSUQL7wnpmqnfmLsOA/nAh6b6EH0wCEoK0/mPeXU6c3wKDV83MkOuHPRHtSXKKU99IBazS/2w==

tsx@^4.23.15:
  version "4.23.15"
  resolved "https://registry.npmjs.org/tsx/-/tsx-4.23.15.tgz"
  integrity sha512-Yiex1Ovn8z2xPpOWckIiysV1SSyRMY9BkLF++q0yKiDxCqRhosKfMg3janKkiLBwZ5c/YryloKwGZcrEmtwxKw==
  dependencies:
    esbuild "~0.28.0"
  optionalDependencies:
    fsevents "~2.3.3"

typescript@^7.0.2:
  version "7.0.2"
  resolved "https://registry.npmjs.org/typescript/-/typescript-7.0.2.tgz"
  integrity sha512-8FYau96o3NKOhbjKi/qNvG/W5jhzxkbdm5sj9AbZ/5T5sWqn3hJgLfGx27sRKZWTvyzCP8dLRBTf5tBTSRVUNA==
  optionalDependencies:
    "@typescript/typescript-aix-ppc64" "7.0.2"
    "@typescript/typescript-darwin-arm64" "7.0.2"
    "@typescript/typescript-darwin-x64" "7.0.2"
    "@typescript/typescript-freebsd-arm64" "7.0.2"
    "@typescript/typescript-freebsd-x64" "7.0.2"
    "@typescript/typescript-linux-arm" "7.0.2"
    "@typescript/typescript-linux-arm64" "7.0.2"
    "@typescript/typescript-linux-loong64" "7.0.2"
    "@typescript/typescript-linux-mips64el" "7.0.2"
    "@typescript/typescript-linux-ppc64" "7.0.2"
    "@typescript/typescript-linux-riscv64" "7.0.2"
    "@typescript/typescript-linux-s390x" "7.0.2"
    "@typescript/typescript-linux-x64" "7.0.2"
    "@typescript/typescript-netbsd-arm64" "7.0.2"
    "@typescript/typescript-netbsd-x64" "7.0.2"
    "@typescript/typescript-openbsd-arm64" "7.0.2"
    "@typescript/typescript-openbsd-x64" "7.0.2"
    "@typescript/typescript-sunos-x64" "7.0.2"
    "@typescript/typescript-win32-arm64" "7.0.2"
    "@typescript/typescript-win32-x64" "7.0.2"

undici-types@~8.9.0:
  version "8.9.0"
  resolved "https://registry.npmjs.org/undici-types/-/undici-types-8.9.0.tgz"
  integrity sha512-KTDyRTYX8sWmKXAikPHHSyc63CRPETMctyjKFupcC6OBLXT3xsN0e9aF7m+mIXutFWpUXuedtowG7iLOzp0kQg==

varint@^6.0.0:
  version "6.0.0"
  resolved "https://registry.npmjs.org/varint/-/varint-6.0.0.tgz"
  integrity sha512-cXEIW6cfr15lFv563k4GuVuW/fiwjknytD37jIOLSdSWuOI6WnO/oKwmP2FQTU2l01LP8/M5TSAJpzUaGe3uWg==
